{
  "name": "ch2-forme",
  "version": "1.0.0",
  "lockfileVersion": 1,
  "requires": true,
  "dependencies": {
    "@material/animation": {
      "version": "0.39.0",
      "resolved": "https://registry.npmjs.org/@material/animation/-/animation-0.39.0.tgz",
      "integrity": "sha512-f3BGCba0GdYY+eGFnK0L08HLyljgEyBvMLoJoutP225IpvzsLLTqumL/796nFCsouWn6E3G+8BUVjAtzTjU2lA==",
      "dev": true
    },
    "@material/auto-init": {
      "version": "0.39.0",
      "resolved": "https://registry.npmjs.org/@material/auto-init/-/auto-init-0.39.0.tgz",
      "integrity": "sha512-rh/YbGupzHiY9b3V/KFBzoEKcBCY8KDXQZNnNFZwP3fwDaaU6pSbVwg5jKfR6QfrQZF7AetdCYJj0p5UKDcvnA==",
      "dev": true
    },
    "@material/base": {
      "version": "0.39.0",
      "resolved": "https://registry.npmjs.org/@material/base/-/base-0.39.0.tgz",
      "integrity": "sha512-B+vMqnOR2JU2dzv/5UPKQUAZAj739pMkJkt3Zy7sJaQnw3j8wTKxiUMUhd9ZHaPx1FBlUNMn2PwOq8YZIn0svA==",
      "dev": true
    },
    "@material/button": {
      "version": "0.39.0",
      "resolved": "https://registry.npmjs.org/@material/button/-/button-0.39.0.tgz",
      "integrity": "sha512-+dZeBi4tX0RzNKHebRKbm0tKrRtdEqhSk9I3Ts1mS+f3sZYYYxCNM9GRGk453MhSH9l4Ag8Da0byLSrXSh/w8w==",
      "dev": true,
      "requires": {
        "@material/elevation": "0.39.0",
        "@material/ripple": "0.39.0",
        "@material/rtl": "0.39.0",
        "@material/theme": "0.39.0",
        "@material/typography": "0.39.0"
      }
    },
    "@material/card": {
      "version": "0.39.0",
      "resolved": "https://registry.npmjs.org/@material/card/-/card-0.39.0.tgz",
      "integrity": "sha512-ymwENJ+1yWOiFGseqeQcuRvR7Dp0y9ckqfi9i7iQGuVa09WGLFRxR489OmgfkXju1REc/sRMiZExpr9Mr5nNWQ==",
      "dev": true,
      "requires": {
        "@material/elevation": "0.39.0",
        "@material/ripple": "0.39.0",
        "@material/rtl": "0.39.0",
        "@material/theme": "0.39.0"
      }
    },
    "@material/checkbox": {
      "version": "0.39.0",
      "resolved": "https://registry.npmjs.org/@material/checkbox/-/checkbox-0.39.0.tgz",
      "integrity": "sha512-y+iwhwIZ+Ndx/6j/l3HZbjAkUxx8jR8p7V1u3axXe8sXSUNAxE+nkaTAmxJ4SqvuGPaRCImlmR5AhHc2J6eDrw==",
      "dev": true,
      "requires": {
        "@material/animation": "0.39.0",
        "@material/base": "0.39.0",
        "@material/ripple": "0.39.0",
        "@material/rtl": "0.39.0",
        "@material/selection-control": "0.39.0",
        "@material/theme": "0.39.0"
      }
    },
    "@material/chips": {
      "version": "0.39.0",
      "resolved": "https://registry.npmjs.org/@material/chips/-/chips-0.39.0.tgz",
      "integrity": "sha512-kJ0sY32q/x7f4P4GlhWyjDF7aPs4Qd28+ZafN3aP7g8+c77/SyC2GiJeTOEO0byiu4d0wqKFWHgZ8wyS4RZ5Yw==",
      "dev": true,
      "requires": {
        "@material/animation": "0.39.0",
        "@material/base": "0.39.0",
        "@material/checkbox": "0.39.0",
        "@material/ripple": "0.39.0",
        "@material/typography": "0.39.0"
      }
    },
    "@material/dialog": {
      "version": "0.39.0",
      "resolved": "https://registry.npmjs.org/@material/dialog/-/dialog-0.39.0.tgz",
      "integrity": "sha512-vHsTadgHdC04j0+Ipa6yURnG/ZGK0yqTGsDJbzWZG5mZiTL25yhgIIkYRSKGkD1St5G9u7E/4QrxD8gXRA4tog==",
      "dev": true,
      "requires": {
        "@material/animation": "0.39.0",
        "@material/base": "0.39.0",
        "@material/elevation": "0.39.0",
        "@material/ripple": "0.39.0",
        "@material/rtl": "0.39.0",
        "@material/theme": "0.39.0",
        "@material/typography": "0.39.0",
        "focus-trap": "2.4.6"
      }
    },
    "@material/drawer": {
      "version": "0.39.0",
      "resolved": "https://registry.npmjs.org/@material/drawer/-/drawer-0.39.0.tgz",
      "integrity": "sha512-ez/jxZUhqMQPMyo3KrsXDYFDtPoYnuvfdLpUXgLQO3N633XL1HbgQc03nwpZHEwg7bJaEXRM0ykAhqwXm9tDyQ==",
      "dev": true,
      "requires": {
        "@material/animation": "0.39.0",
        "@material/base": "0.39.0",
        "@material/elevation": "0.39.0",
        "@material/list": "0.39.0",
        "@material/rtl": "0.39.0",
        "@material/theme": "0.39.0",
        "@material/typography": "0.39.0",
        "focus-trap": "3.0.0"
      },
      "dependencies": {
        "focus-trap": {
          "version": "3.0.0",
          "resolved": "https://registry.npmjs.org/focus-trap/-/focus-trap-3.0.0.tgz",
          "integrity": "sha512-jTFblf0tLWbleGjj2JZsAKbgtZTdL1uC48L8FcmSDl4c2vDoU4NycN1kgV5vJhuq1mxNFkw7uWZ1JAGlINWvyw==",
          "dev": true,
          "requires": {
            "tabbable": "3.1.1",
            "xtend": "4.0.1"
          }
        },
        "tabbable": {
          "version": "3.1.1",
          "resolved": "https://registry.npmjs.org/tabbable/-/tabbable-3.1.1.tgz",
          "integrity": "sha512-583MHIOwictf7+zbxqO/L5fBqMN6Li4SJ1XTKQA9WzHRA7c2BB+D+Ny7Y6kGqU2u+rHK59+oRzrBvMU53aZz+A==",
          "dev": true
        }
      }
    },
    "@material/elevation": {
      "version": "0.39.0",
      "resolved": "https://registry.npmjs.org/@material/elevation/-/elevation-0.39.0.tgz",
      "integrity": "sha512-SX8OT/3580T7RT83wsH+iTGdnXYGb2+E8dTHnHB8SyAtzI3Bg3zEUqzOgv/Oc5VI9TFiCtmvBesT2yqojej8bA==",
      "dev": true,
      "requires": {
        "@material/animation": "0.39.0",
        "@material/theme": "0.39.0"
      }
    },
    "@material/fab": {
      "version": "0.39.0",
      "resolved": "https://registry.npmjs.org/@material/fab/-/fab-0.39.0.tgz",
      "integrity": "sha512-FBAdOycpRnlvpKJnLXPOzQbsdxTC+yMu83rJLCa2Ah3nVv/PI3q9PvPgi0PgjcPbvRpe52lXbTmvLaoyE4gT1w==",
      "dev": true,
      "requires": {
        "@material/animation": "0.39.0",
        "@material/elevation": "0.39.0",
        "@material/ripple": "0.39.0",
        "@material/rtl": "0.39.0",
        "@material/theme": "0.39.0",
        "@material/typography": "0.39.0"
      }
    },
    "@material/floating-label": {
      "version": "0.39.0",
      "resolved": "https://registry.npmjs.org/@material/floating-label/-/floating-label-0.39.0.tgz",
      "integrity": "sha512-jwWU2+PtyAqM2dhR6v1ABesOhGwK0pi8zJjdkrj6QAPcF53/4kiyg08ac7X2R/XYuMgXdy+sfZ51oirj6W/sEA==",
      "dev": true,
      "requires": {
        "@material/base": "0.39.0",
        "@material/rtl": "0.39.0",
        "@material/theme": "0.39.0",
        "@material/typography": "0.39.0"
      }
    },
    "@material/form-field": {
      "version": "0.39.0",
      "resolved": "https://registry.npmjs.org/@material/form-field/-/form-field-0.39.0.tgz",
      "integrity": "sha512-B82Q89CdsLCBqBlYN9ncrEjIqskHpAvlKMrVl8dlzjlJuAnwlYn30LksHIVGyccPX7NKUE+CPAg4wvYn6P5wEQ==",
      "dev": true,
      "requires": {
        "@material/base": "0.39.0",
        "@material/rtl": "0.39.0",
        "@material/selection-control": "0.39.0",
        "@material/theme": "0.39.0",
        "@material/typography": "0.39.0"
      }
    },
    "@material/grid-list": {
      "version": "0.39.0",
      "resolved": "https://registry.npmjs.org/@material/grid-list/-/grid-list-0.39.0.tgz",
      "integrity": "sha512-u/ns229Cn3Hhu5shNVINAC1Pd1XodesvfRH9uXIXgyKELbsQs2ddO1d5F9AtZAVMP7Ik4M2xoQwgGrE532aEsQ==",
      "dev": true,
      "requires": {
        "@material/base": "0.39.0",
        "@material/rtl": "0.39.0",
        "@material/theme": "0.39.0",
        "@material/typography": "0.39.0"
      }
    },
    "@material/icon-button": {
      "version": "0.39.0",
      "resolved": "https://registry.npmjs.org/@material/icon-button/-/icon-button-0.39.0.tgz",
      "integrity": "sha512-fEHPdngnWq/bwHjbNhnERcG4dV6fqTrAMwqPDILBtY17B3ivT9/Ytw+n6Lge7eYof2uBRxPx8svnRN8BuchBGw==",
      "dev": true,
      "requires": {
        "@material/base": "0.39.0",
        "@material/ripple": "0.39.0",
        "@material/theme": "0.39.0"
      }
    },
    "@material/icon-toggle": {
      "version": "0.39.0",
      "resolved": "https://registry.npmjs.org/@material/icon-toggle/-/icon-toggle-0.39.0.tgz",
      "integrity": "sha512-JIrGM0O/xc0yAleVYyUMw/4AIVEHPEyKn3qi9VhnE7zjajRv5vi6OOeK8N6+rgeJ/LBTiA4h7/wwvDH4LZBj2w==",
      "dev": true,
      "requires": {
        "@material/animation": "0.39.0",
        "@material/base": "0.39.0",
        "@material/ripple": "0.39.0",
        "@material/theme": "0.39.0"
      }
    },
    "@material/image-list": {
      "version": "0.39.0",
      "resolved": "https://registry.npmjs.org/@material/image-list/-/image-list-0.39.0.tgz",
      "integrity": "sha512-vnu6paHgRtfnl8Lb09aMKRrsZ+avnmQHW+SJJMp0/wF2pDW8Xhve4o7DgT9yY7Q7iZgeReZcb4V07qHMkbyRDA==",
      "dev": true,
      "requires": {
        "@material/theme": "0.39.0",
        "@material/typography": "0.39.0"
      }
    },
    "@material/layout-grid": {
      "version": "0.39.0",
      "resolved": "https://registry.npmjs.org/@material/layout-grid/-/layout-grid-0.39.0.tgz",
      "integrity": "sha512-F2V7cf7pJtlDyHKJJ1u7Xn6JWfiY7bFbg33QnhRXYTAhDF5aEcFPeSh9CK8ZZZ4Bom9gzfms2VXWXClbfQgE2Q==",
      "dev": true
    },
    "@material/line-ripple": {
      "version": "0.39.0",
      "resolved": "https://registry.npmjs.org/@material/line-ripple/-/line-ripple-0.39.0.tgz",
      "integrity": "sha512-zMTl5/epJrKnnXWx9U/BAp11holye83+2sQVnF8cNheW+U9TB0tK5s04TDdVsHZMT/rkdwDmnAqyW6T1Xl4RJw==",
      "dev": true,
      "requires": {
        "@material/animation": "0.39.0",
        "@material/base": "0.39.0",
        "@material/theme": "0.39.0"
      }
    },
    "@material/linear-progress": {
      "version": "0.39.0",
      "resolved": "https://registry.npmjs.org/@material/linear-progress/-/linear-progress-0.39.0.tgz",
      "integrity": "sha512-aV0wguck+BS7mpqsRGrTZ8/pUU1iQg4kvPiXXpHrSl9iuRMgyOu1k9BaDBLS/88yRBjbXJUe69+TJ/XoUE0F8w==",
      "dev": true,
      "requires": {
        "@material/animation": "0.39.0",
        "@material/base": "0.39.0",
        "@material/theme": "0.39.0"
      }
    },
    "@material/list": {
      "version": "0.39.0",
      "resolved": "https://registry.npmjs.org/@material/list/-/list-0.39.0.tgz",
      "integrity": "sha512-BWvtOMecayHgKyDMltfNZprBao3d4mpHOqX8CfhLwXJ+f9uVI1GBw7lCc48j7Y+/es7pExljI6yiZ8DNUomHvw==",
      "dev": true,
      "requires": {
        "@material/base": "0.39.0",
        "@material/ripple": "0.39.0",
        "@material/rtl": "0.39.0",
        "@material/theme": "0.39.0",
        "@material/typography": "0.39.0"
      }
    },
    "@material/menu": {
      "version": "0.39.0",
      "resolved": "https://registry.npmjs.org/@material/menu/-/menu-0.39.0.tgz",
      "integrity": "sha512-F3R3pgLVt1sPuJawn4OnhFlL/XLFJkLBAyuGB51gtOx2CAt/UPgQ+xgqKLQQ4mWx46UiA91m+9C2u8yhV86S9g==",
      "dev": true,
      "requires": {
        "@material/base": "0.39.0",
        "@material/list": "0.39.0",
        "@material/menu-surface": "0.39.0",
        "@material/rtl": "0.39.0"
      }
    },
    "@material/menu-surface": {
      "version": "0.39.0",
      "resolved": "https://registry.npmjs.org/@material/menu-surface/-/menu-surface-0.39.0.tgz",
      "integrity": "sha512-VbDNXwsMOGyTdVw9GaP13Cp3YG3Jg+zH1bpMXm0Z6VL4Q9G31qo29KvU6mchKb89ofnIJhZmA6u+f6MmNhbg+g==",
      "dev": true,
      "requires": {
        "@material/animation": "0.39.0",
        "@material/base": "0.39.0",
        "@material/elevation": "0.39.0",
        "@material/rtl": "0.39.0",
        "@material/theme": "0.39.0"
      }
    },
    "@material/notched-outline": {
      "version": "0.39.0",
      "resolved": "https://registry.npmjs.org/@material/notched-outline/-/notched-outline-0.39.0.tgz",
      "integrity": "sha512-GarWl50vBNPEGJfEdG57xDDwiNPiNzASwBmQEiij+NoUxYomtV1BWenFrWmytHXZU1OYwFyTlkxhayNXQt8CyA==",
      "dev": true,
      "requires": {
        "@material/animation": "0.39.0",
        "@material/base": "0.39.0",
        "@material/rtl": "0.39.0",
        "@material/theme": "0.39.0"
      }
    },
    "@material/radio": {
      "version": "0.39.0",
      "resolved": "https://registry.npmjs.org/@material/radio/-/radio-0.39.0.tgz",
      "integrity": "sha512-KrqHgXhKXPEHi9MYinrjAcNGcLSj+rYg5CBVQkxriEQpOddsSU6LHn4y41IysXLCXb9HJfeZj+zvsll0HNtOrA==",
      "dev": true,
      "requires": {
        "@material/animation": "0.39.0",
        "@material/base": "0.39.0",
        "@material/ripple": "0.39.0",
        "@material/selection-control": "0.39.0",
        "@material/theme": "0.39.0"
      }
    },
    "@material/ripple": {
      "version": "0.39.0",
      "resolved": "https://registry.npmjs.org/@material/ripple/-/ripple-0.39.0.tgz",
      "integrity": "sha512-dw5xpB/pV32VoweiTv/Q6+V+iF1za0/UpMYOtrnP4tu39Z+aDpq6G0waFFWliqCLd1XLmOF8IOvqh/gqTEOIVQ==",
      "dev": true,
      "requires": {
        "@material/animation": "0.39.0",
        "@material/base": "0.39.0",
        "@material/theme": "0.39.0"
      }
    },
    "@material/rtl": {
      "version": "0.39.0",
      "resolved": "https://registry.npmjs.org/@material/rtl/-/rtl-0.39.0.tgz",
      "integrity": "sha512-vBTUVpXvHlcGmvY+bYZvsyvMtBX2WWA7b9vUuvIFlT66j7/p0iI+AzibxRtqeRoyu7Puvp2MWu08ERQ3oQXblQ==",
      "dev": true
    },
    "@material/select": {
      "version": "0.39.0",
      "resolved": "https://registry.npmjs.org/@material/select/-/select-0.39.0.tgz",
      "integrity": "sha512-USy5U8KI7qUFICdrQrMa+hPbDDlYT9IuUOVzggULpEw8tMZKlUglv7XibnHIEgv3AK78qzfnbYskjbOczNO/Eg==",
      "dev": true,
      "requires": {
        "@material/animation": "0.39.0",
        "@material/base": "0.39.0",
        "@material/floating-label": "0.39.0",
        "@material/line-ripple": "0.39.0",
        "@material/notched-outline": "0.39.0",
        "@material/ripple": "0.39.0",
        "@material/rtl": "0.39.0",
        "@material/theme": "0.39.0",
        "@material/typography": "0.39.0"
      }
    },
    "@material/selection-control": {
      "version": "0.39.0",
      "resolved": "https://registry.npmjs.org/@material/selection-control/-/selection-control-0.39.0.tgz",
      "integrity": "sha512-LECxCOoNDnFXceoAJYcOGrpg+bYhaXODk3mUzHJoe1+80vbTzMAJS9plWb+jsgx0ZxWvsKDROlB+ufwOM0k+pw==",
      "dev": true,
      "requires": {
        "@material/ripple": "0.39.0"
      }
    },
    "@material/shape": {
      "version": "0.39.0",
      "resolved": "https://registry.npmjs.org/@material/shape/-/shape-0.39.0.tgz",
      "integrity": "sha512-ZqEZuzX3lC3TYiEwqn/+kSn6G/ogFvyXT1UIUYf5auD2cQ4cKdy07XCJ/gCtlmDQz+g0Ed4Fwp10fYnvnL2hCQ==",
      "dev": true
    },
    "@material/slider": {
      "version": "0.39.0",
      "resolved": "https://registry.npmjs.org/@material/slider/-/slider-0.39.0.tgz",
      "integrity": "sha512-/IkkneIj3NNoLa/dKQfwIydSZ0B0qfIFWsR2m0AmxQcGQhi8DzoY1En6zuKgScOnFf6FEOymVsw+9DRfzsgNwQ==",
      "dev": true,
      "requires": {
        "@material/animation": "0.39.0",
        "@material/base": "0.39.0",
        "@material/rtl": "0.39.0",
        "@material/theme": "0.39.0"
      }
    },
    "@material/snackbar": {
      "version": "0.39.0",
      "resolved": "https://registry.npmjs.org/@material/snackbar/-/snackbar-0.39.0.tgz",
      "integrity": "sha512-d2c0swm6n6jkWmWcxZDzXW8NzjyF70d6h04gAruVYHMWEfHojjGyiPxPE6YnJntSiNd3Y7i/FWeheNiUOL5+xw==",
      "dev": true,
      "requires": {
        "@material/animation": "0.39.0",
        "@material/base": "0.39.0",
        "@material/rtl": "0.39.0",
        "@material/theme": "0.39.0",
        "@material/typography": "0.39.0"
      }
    },
    "@material/switch": {
      "version": "0.39.0",
      "resolved": "https://registry.npmjs.org/@material/switch/-/switch-0.39.0.tgz",
      "integrity": "sha512-CV655JTw10wZpb63L4sKtY1HN6miCFO5gxdNxAS2YXbHTvJShJljvhXZZuJ0SxJRAhqgj6fC/wd3KePZ5F0U0A==",
      "dev": true,
      "requires": {
        "@material/animation": "0.39.0",
        "@material/base": "0.39.0",
        "@material/elevation": "0.39.0",
        "@material/ripple": "0.39.0",
        "@material/rtl": "0.39.0",
        "@material/selection-control": "0.39.0",
        "@material/theme": "0.39.0"
      }
    },
    "@material/tab": {
      "version": "0.39.0",
      "resolved": "https://registry.npmjs.org/@material/tab/-/tab-0.39.0.tgz",
      "integrity": "sha512-I7jc7Me6bDhGm9z/3ZCNo6IdE3ZIX3+5tG3yNNvTKC/+x9o72lROY4b+Zhp0YdQvdiKB4ejh+r4FYQ9PAJbULw==",
      "dev": true,
      "requires": {
        "@material/base": "0.39.0",
        "@material/ripple": "0.39.0",
        "@material/rtl": "0.39.0",
        "@material/tab-indicator": "0.39.0",
        "@material/theme": "0.39.0",
        "@material/typography": "0.39.0"
      }
    },
    "@material/tab-bar": {
      "version": "0.39.0",
      "resolved": "https://registry.npmjs.org/@material/tab-bar/-/tab-bar-0.39.0.tgz",
      "integrity": "sha512-BkGUAjfra9Ugu7FVnOMN2YxTKIdkhEHM7mlkuDlSR7mR6kUTwlFBimF2Oc/5T8YBGootKpGe5LyCse3S6RLXqQ==",
      "dev": true,
      "requires": {
        "@material/base": "0.39.0",
        "@material/elevation": "0.39.0",
        "@material/tab": "0.39.0",
        "@material/tab-scroller": "0.39.0"
      }
    },
    "@material/tab-indicator": {
      "version": "0.39.0",
      "resolved": "https://registry.npmjs.org/@material/tab-indicator/-/tab-indicator-0.39.0.tgz",
      "integrity": "sha512-VcmPbhWiisCniiR9sVboiS0oCavIiy/w1EPMD1VOZWIMxQk5nGm6R/PNwZONlFaISLRzmOjtimrafsizsUlphw==",
      "dev": true,
      "requires": {
        "@material/animation": "0.39.0",
        "@material/base": "0.39.0",
        "@material/theme": "0.39.0"
      }
    },
    "@material/tab-scroller": {
      "version": "0.39.0",
      "resolved": "https://registry.npmjs.org/@material/tab-scroller/-/tab-scroller-0.39.0.tgz",
      "integrity": "sha512-JZ4ZFJ1NVKI7ZAjYntxDt/eAPqs36bEopSVu416iD/AYNQBhFJdi1qXzLAppUPDHs6GAfa5fKdOlW+xODlMPjA==",
      "dev": true,
      "requires": {
        "@material/animation": "0.39.0",
        "@material/base": "0.39.0",
        "@material/tab": "0.39.0"
      }
    },
    "@material/textfield": {
      "version": "0.39.0",
      "resolved": "https://registry.npmjs.org/@material/textfield/-/textfield-0.39.0.tgz",
      "integrity": "sha512-2pLgnPmy088uDW33AXs1Z5MzjaxyTkc1LuuNJQf56PsLtNM4fDVoRNkQTxgIrjDhHU2949T5pH6Tb2mG0uF8pw==",
      "dev": true,
      "requires": {
        "@material/animation": "0.39.0",
        "@material/base": "0.39.0",
        "@material/floating-label": "0.39.0",
        "@material/line-ripple": "0.39.0",
        "@material/notched-outline": "0.39.0",
        "@material/ripple": "0.39.0",
        "@material/rtl": "0.39.0",
        "@material/theme": "0.39.0",
        "@material/typography": "0.39.0"
      }
    },
    "@material/theme": {
      "version": "0.39.0",
      "resolved": "https://registry.npmjs.org/@material/theme/-/theme-0.39.0.tgz",
      "integrity": "sha512-i+/xTaYqOslX0DZ13dE9cwbEcqK7+FL2qgBmV6yBduIYsEsC0srxI3qCbvVV6CO0UIHrT+0vgMqtVZu0gjuFlA==",
      "dev": true
    },
    "@material/toolbar": {
      "version": "0.39.0",
      "resolved": "https://registry.npmjs.org/@material/toolbar/-/toolbar-0.39.0.tgz",
      "integrity": "sha512-tMPEArPmxKyvnUb5Er5CoTSA3n9n2vaQk/+iXyrzY8wM2LmITq8C01+SFXXwf45t4y1FXrNpuyCSSl05UhNIOg==",
      "dev": true,
      "requires": {
        "@material/base": "0.39.0",
        "@material/elevation": "0.39.0",
        "@material/ripple": "0.39.0",
        "@material/rtl": "0.39.0",
        "@material/theme": "0.39.0",
        "@material/typography": "0.39.0"
      }
    },
    "@material/top-app-bar": {
      "version": "0.39.0",
      "resolved": "https://registry.npmjs.org/@material/top-app-bar/-/top-app-bar-0.39.0.tgz",
      "integrity": "sha512-3fxM78SNZW3NFHrHSNL5/LsiqBw7n4Ok+3ceEspoGcgxx/NNaVr4tFnQDP+drqCWwe8laHzngFu10FykRVv2Ug==",
      "dev": true,
      "requires": {
        "@material/animation": "0.39.0",
        "@material/base": "0.39.0",
        "@material/elevation": "0.39.0",
        "@material/ripple": "0.39.0",
        "@material/rtl": "0.39.0",
        "@material/theme": "0.39.0",
        "@material/typography": "0.39.0"
      }
    },
    "@material/typography": {
      "version": "0.39.0",
      "resolved": "https://registry.npmjs.org/@material/typography/-/typography-0.39.0.tgz",
      "integrity": "sha512-S7YTR2mXuAaPvsgX6jyT1YvWQhH2xHWi+SKJvlunoF/Dw6vq6Ud+APmqigHVRPNCcFt4zkbM7C64IxYjjkIApQ==",
      "dev": true
    },
    "focus-trap": {
      "version": "2.4.6",
      "resolved": "https://registry.npmjs.org/focus-trap/-/focus-trap-2.4.6.tgz",
      "integrity": "sha512-vWZTPtBU6pBoyWZDRZJHkXsyP2ZCZBHE3DRVXnSVdQKH/mcDtu9S5Kz8CUDyIqpfZfLEyI9rjKJLnc4Y40BRBg==",
      "dev": true,
      "requires": {
        "tabbable": "1.1.3"
      }
    },
    "material-components-web": {
      "version": "0.39.0",
      "resolved": "https://registry.npmjs.org/material-components-web/-/material-components-web-0.39.0.tgz",
      "integrity": "sha512-AwO1nroeKDu8mpudysQJ2Ka6cYIDZuZ0XUa3xeW4A2VF6TZCYtvUVIbVHwmGA5O7HwdcDn5Ih47obvcT2kyY8A==",
      "dev": true,
      "requires": {
        "@material/animation": "0.39.0",
        "@material/auto-init": "0.39.0",
        "@material/base": "0.39.0",
        "@material/button": "0.39.0",
        "@material/card": "0.39.0",
        "@material/checkbox": "0.39.0",
        "@material/chips": "0.39.0",
        "@material/dialog": "0.39.0",
        "@material/drawer": "0.39.0",
        "@material/elevation": "0.39.0",
        "@material/fab": "0.39.0",
        "@material/floating-label": "0.39.0",
        "@material/form-field": "0.39.0",
        "@material/grid-list": "0.39.0",
        "@material/icon-button": "0.39.0",
        "@material/icon-toggle": "0.39.0",
        "@material/image-list": "0.39.0",
        "@material/layout-grid": "0.39.0",
        "@material/line-ripple": "0.39.0",
        "@material/linear-progress": "0.39.0",
        "@material/list": "0.39.0",
        "@material/menu": "0.39.0",
        "@material/menu-surface": "0.39.0",
        "@material/notched-outline": "0.39.0",
        "@material/radio": "0.39.0",
        "@material/ripple": "0.39.0",
        "@material/rtl": "0.39.0",
        "@material/select": "0.39.0",
        "@material/selection-control": "0.39.0",
        "@material/shape": "0.39.0",
        "@material/slider": "0.39.0",
        "@material/snackbar": "0.39.0",
        "@material/switch": "0.39.0",
        "@material/tab": "0.39.0",
        "@material/tab-bar": "0.39.0",
        "@material/tab-indicator": "0.39.0",
        "@material/tab-scroller": "0.39.0",
        "@material/textfield": "0.39.0",
        "@material/theme": "0.39.0",
        "@material/toolbar": "0.39.0",
        "@material/top-app-bar": "0.39.0",
        "@material/typography": "0.39.0"
      }
    },
    "tabbable": {
      "version": "1.1.3",
      "resolved": "https://registry.npmjs.org/tabbable/-/tabbable-1.1.3.tgz",
      "integrity": "sha512-nOWwx35/JuDI4ONuF0ZTo6lYvI0fY0tZCH1ErzY2EXfu4az50ZyiUX8X073FLiZtmWUVlkRnuXsehjJgCw9tYg==",
      "dev": true
    },
    "xtend": {
      "version": "4.0.1",
      "resolved": "https://registry.npmjs.org/xtend/-/xtend-4.0.1.tgz",
      "integrity": "sha1-pcbVMr5lbiPbgg77lDofBJmNY68=",
      "dev": true
    }
  }
}
